// !$*UTF8*$!
{
	archiveVersion = 1;
	classes = {
	};
	objectVersion = 56;
	objects = {

/* Begin PBXBuildFile section */
		CF09830C29D6C8A800B965F6 /* SelectFriendViewController.swift in Sources */ = {isa = PBXBuildFile; fileRef = CF09830B29D6C8A800B965F6 /* SelectFriendViewController.swift */; };
		CF0D997029D3D48A00AD7498 /* PeopleViewController.swift in Sources */ = {isa = PBXBuildFile; fileRef = CF0D996F29D3D48900AD7498 /* PeopleViewController.swift */; };
		CF0D997229D3DB0B00AD7498 /* UserModel.swift in Sources */ = {isa = PBXBuildFile; fileRef = CF0D997129D3DB0B00AD7498 /* UserModel.swift */; };
		CF0D997429D3FC2500AD7498 /* ChatViewController.swift in Sources */ = {isa = PBXBuildFile; fileRef = CF0D997329D3FC2500AD7498 /* ChatViewController.swift */; };
		CF0D997729D3FCDB00AD7498 /* ChatModel.swift in Sources */ = {isa = PBXBuildFile; fileRef = CF0D997629D3FCDB00AD7498 /* ChatModel.swift */; };
		CF29C56829D2D7CB003D39C3 /* UIColor+.swift in Sources */ = {isa = PBXBuildFile; fileRef = CF29C56729D2D7CB003D39C3 /* UIColor+.swift */; };
		CF29C56A29D2D983003D39C3 /* RemoteConfigDefaults.plist in Resources */ = {isa = PBXBuildFile; fileRef = CF29C56929D2D983003D39C3 /* RemoteConfigDefaults.plist */; };
		CF5AD48729D56B0C00B04C31 /* NotificationModel.swift in Sources */ = {isa = PBXBuildFile; fileRef = CF5AD48629D56B0C00B04C31 /* NotificationModel.swift */; };
		CF64882F29D542CB0082EA26 /* ChatRoomsViewController.swift in Sources */ = {isa = PBXBuildFile; fileRef = CF64882E29D542CB0082EA26 /* ChatRoomsViewController.swift */; };
		CF64883129D54DB20082EA26 /* Int+.swift in Sources */ = {isa = PBXBuildFile; fileRef = CF64883029D54DB20082EA26 /* Int+.swift */; };
		CF64883329D55AE50082EA26 /* GoogleService-Info.plist in Resources */ = {isa = PBXBuildFile; fileRef = CF64883229D55AE50082EA26 /* GoogleService-Info.plist */; };
		CF80EFB029D67F25007984EE /* AccountViewController.swift in Sources */ = {isa = PBXBuildFile; fileRef = CF80EFAF29D67F25007984EE /* AccountViewController.swift */; };
		CFD6412B29D2D05600DA4559 /* AppDelegate.swift in Sources */ = {isa = PBXBuildFile; fileRef = CFD6412A29D2D05600DA4559 /* AppDelegate.swift */; };
		CFD6412D29D2D05600DA4559 /* SceneDelegate.swift in Sources */ = {isa = PBXBuildFile; fileRef = CFD6412C29D2D05600DA4559 /* SceneDelegate.swift */; };
		CFD6412F29D2D05600DA4559 /* ViewController.swift in Sources */ = {isa = PBXBuildFile; fileRef = CFD6412E29D2D05600DA4559 /* ViewController.swift */; };
		CFD6413229D2D05600DA4559 /* Main.storyboard in Resources */ = {isa = PBXBuildFile; fileRef = CFD6413029D2D05600DA4559 /* Main.storyboard */; };
		CFD6413429D2D05700DA4559 /* Assets.xcassets in Resources */ = {isa = PBXBuildFile; fileRef = CFD6413329D2D05700DA4559 /* Assets.xcassets */; };
		CFD6413729D2D05700DA4559 /* LaunchScreen.storyboard in Resources */ = {isa = PBXBuildFile; fileRef = CFD6413529D2D05700DA4559 /* LaunchScreen.storyboard */; };
		CFDC7DF729D3B1C1000EFFB2 /* SignupViewController.swift in Sources */ = {isa = PBXBuildFile; fileRef = CFDC7DF629D3B1C1000EFFB2 /* SignupViewController.swift */; };
		CFE7D06229D2E2C60041F348 /* LoginViewController.swift in Sources */ = {isa = PBXBuildFile; fileRef = CFE7D06129D2E2C60041F348 /* LoginViewController.swift */; };
		CFF8AFB629D679D000A73813 /* API_Key.swift in Sources */ = {isa = PBXBuildFile; fileRef = CFF8AFB529D679D000A73813 /* API_Key.swift */; };
		FF345588264EA1FDBCCA3BE3 /* Pods_HongTalkforSwift.framework in Frameworks */ = {isa = PBXBuildFile; fileRef = E62CA1AB9F9899329A519E6A /* Pods_HongTalkforSwift.framework */; };
/* End PBXBuildFile section */

/* Begin PBXFileReference section */
		00172DEDB82FF1BDC1ED68AF /* Pods-HongTalkforSwift.debug.xcconfig */ = {isa = PBXFileReference; includeInIndex = 1; lastKnownFileType = text.xcconfig; name = "Pods-HongTalkforSwift.debug.xcconfig"; path = "Target Support Files/Pods-HongTalkforSwift/Pods-HongTalkforSwift.debug.xcconfig"; sourceTree = "<group>"; };
		73E7636C7B2EFFE8795278A0 /* Pods-HongTalkforSwift.release.xcconfig */ = {isa = PBXFileReference; includeInIndex = 1; lastKnownFileType = text.xcconfig; name = "Pods-HongTalkforSwift.release.xcconfig"; path = "Target Support Files/Pods-HongTalkforSwift/Pods-HongTalkforSwift.release.xcconfig"; sourceTree = "<group>"; };
		CF09830A29D6C6B000B965F6 /* BEMCheckBox.h */ = {isa = PBXFileReference; lastKnownFileType = sourcecode.c.h; path = BEMCheckBox.h; sourceTree = "<group>"; };
		CF09830B29D6C8A800B965F6 /* SelectFriendViewController.swift */ = {isa = PBXFileReference; lastKnownFileType = sourcecode.swift; path = SelectFriendViewController.swift; sourceTree = "<group>"; };
		CF0D996F29D3D48900AD7498 /* PeopleViewController.swift */ = {isa = PBXFileReference; lastKnownFileType = sourcecode.swift; path = PeopleViewController.swift; sourceTree = "<group>"; };
		CF0D997129D3DB0B00AD7498 /* UserModel.swift */ = {isa = PBXFileReference; lastKnownFileType = sourcecode.swift; path = UserModel.swift; sourceTree = "<group>"; };
		CF0D997329D3FC2500AD7498 /* ChatViewController.swift */ = {isa = PBXFileReference; lastKnownFileType = sourcecode.swift; path = ChatViewController.swift; sourceTree = "<group>"; };
		CF0D997629D3FCDB00AD7498 /* ChatModel.swift */ = {isa = PBXFileReference; lastKnownFileType = sourcecode.swift; path = ChatModel.swift; sourceTree = "<group>"; };
		CF29C56729D2D7CB003D39C3 /* UIColor+.swift */ = {isa = PBXFileReference; lastKnownFileType = sourcecode.swift; path = "UIColor+.swift"; sourceTree = "<group>"; };
		CF29C56929D2D983003D39C3 /* RemoteConfigDefaults.plist */ = {isa = PBXFileReference; lastKnownFileType = text.plist.xml; path = RemoteConfigDefaults.plist; sourceTree = "<group>"; };
		CF52992B29D55D3C00EC95AF /* HongTalkforSwift.entitlements */ = {isa = PBXFileReference; lastKnownFileType = text.plist.entitlements; path = HongTalkforSwift.entitlements; sourceTree = "<group>"; };
		CF5AD48629D56B0C00B04C31 /* NotificationModel.swift */ = {isa = PBXFileReference; lastKnownFileType = sourcecode.swift; path = NotificationModel.swift; sourceTree = "<group>"; };
		CF64882E29D542CB0082EA26 /* ChatRoomsViewController.swift */ = {isa = PBXFileReference; lastKnownFileType = sourcecode.swift; path = ChatRoomsViewController.swift; sourceTree = "<group>"; };
		CF64883029D54DB20082EA26 /* Int+.swift */ = {isa = PBXFileReference; lastKnownFileType = sourcecode.swift; path = "Int+.swift"; sourceTree = "<group>"; };
		CF64883229D55AE50082EA26 /* GoogleService-Info.plist */ = {isa = PBXFileReference; fileEncoding = 4; lastKnownFileType = text.plist.xml; path = "GoogleService-Info.plist"; sourceTree = "<group>"; };
		CF80EFAF29D67F25007984EE /* AccountViewController.swift */ = {isa = PBXFileReference; lastKnownFileType = sourcecode.swift; path = AccountViewController.swift; sourceTree = "<group>"; };
		CFD6412729D2D05600DA4559 /* HongTalkforSwift.app */ = {isa = PBXFileReference; explicitFileType = wrapper.application; includeInIndex = 0; path = HongTalkforSwift.app; sourceTree = BUILT_PRODUCTS_DIR; };
		CFD6412A29D2D05600DA4559 /* AppDelegate.swift */ = {isa = PBXFileReference; lastKnownFileType = sourcecode.swift; path = AppDelegate.swift; sourceTree = "<group>"; };
		CFD6412C29D2D05600DA4559 /* SceneDelegate.swift */ = {isa = PBXFileReference; lastKnownFileType = sourcecode.swift; path = SceneDelegate.swift; sourceTree = "<group>"; };
		CFD6412E29D2D05600DA4559 /* ViewController.swift */ = {isa = PBXFileReference; lastKnownFileType = sourcecode.swift; path = ViewController.swift; sourceTree = "<group>"; };
		CFD6413129D2D05600DA4559 /* Base */ = {isa = PBXFileReference; lastKnownFileType = file.storyboard; name = Base; path = Base.lproj/Main.storyboard; sourceTree = "<group>"; };
		CFD6413329D2D05700DA4559 /* Assets.xcassets */ = {isa = PBXFileReference; lastKnownFileType = folder.assetcatalog; path = Assets.xcassets; sourceTree = "<group>"; };
		CFD6413629D2D05700DA4559 /* Base */ = {isa = PBXFileReference; lastKnownFileType = file.storyboard; name = Base; path = Base.lproj/LaunchScreen.storyboard; sourceTree = "<group>"; };
		CFD6413829D2D05700DA4559 /* Info.plist */ = {isa = PBXFileReference; lastKnownFileType = text.plist.xml; path = Info.plist; sourceTree = "<group>"; };
		CFDC7DF629D3B1C1000EFFB2 /* SignupViewController.swift */ = {isa = PBXFileReference; lastKnownFileType = sourcecode.swift; path = SignupViewController.swift; sourceTree = "<group>"; };
		CFE7D06129D2E2C60041F348 /* LoginViewController.swift */ = {isa = PBXFileReference; lastKnownFileType = sourcecode.swift; path = LoginViewController.swift; sourceTree = "<group>"; };
		CFF8AFB529D679D000A73813 /* API_Key.swift */ = {isa = PBXFileReference; lastKnownFileType = sourcecode.swift; path = API_Key.swift; sourceTree = "<group>"; };
		E62CA1AB9F9899329A519E6A /* Pods_HongTalkforSwift.framework */ = {isa = PBXFileReference; explicitFileType = wrapper.framework; includeInIndex = 0; path = Pods_HongTalkforSwift.framework; sourceTree = BUILT_PRODUCTS_DIR; };
/* End PBXFileReference section */

/* Begin PBXFrameworksBuildPhase section */
		CFD6412429D2D05600DA4559 /* Frameworks */ = {
			isa = PBXFrameworksBuildPhase;
			buildActionMask = 2147483647;
			files = (
				FF345588264EA1FDBCCA3BE3 /* Pods_HongTalkforSwift.framework in Frameworks */,
			);
			runOnlyForDeploymentPostprocessing = 0;
		};
/* End PBXFrameworksBuildPhase section */

/* Begin PBXGroup section */
		15E059D4EA12F69A8537BEEB /* Frameworks */ = {
			isa = PBXGroup;
			children = (
				E62CA1AB9F9899329A519E6A /* Pods_HongTalkforSwift.framework */,
			);
			name = Frameworks;
			sourceTree = "<group>";
		};
		847629FABFD8BB3A9754D41A /* Pods */ = {
			isa = PBXGroup;
			children = (
				00172DEDB82FF1BDC1ED68AF /* Pods-HongTalkforSwift.debug.xcconfig */,
				73E7636C7B2EFFE8795278A0 /* Pods-HongTalkforSwift.release.xcconfig */,
			);
			path = Pods;
			sourceTree = "<group>";
		};
		CF0D997529D3FCC300AD7498 /* Model */ = {
			isa = PBXGroup;
			children = (
				CF0D997129D3DB0B00AD7498 /* UserModel.swift */,
				CF0D997629D3FCDB00AD7498 /* ChatModel.swift */,
				CF5AD48629D56B0C00B04C31 /* NotificationModel.swift */,
			);
			path = Model;
			sourceTree = "<group>";
		};
		CF29C56629D2D7BE003D39C3 /* Extension */ = {
			isa = PBXGroup;
			children = (
				CF29C56729D2D7CB003D39C3 /* UIColor+.swift */,
				CF64883029D54DB20082EA26 /* Int+.swift */,
			);
			path = Extension;
			sourceTree = "<group>";
		};
		CF64882D29D542AE0082EA26 /* TabBar */ = {
			isa = PBXGroup;
			children = (
				CF0D996F29D3D48900AD7498 /* PeopleViewController.swift */,
				CF64882E29D542CB0082EA26 /* ChatRoomsViewController.swift */,
				CF80EFAF29D67F25007984EE /* AccountViewController.swift */,
				CF09830B29D6C8A800B965F6 /* SelectFriendViewController.swift */,
			);
			path = TabBar;
			sourceTree = "<group>";
		};
		CFD6411E29D2D05600DA4559 = {
			isa = PBXGroup;
			children = (
				CF29C56929D2D983003D39C3 /* RemoteConfigDefaults.plist */,
				CF64883229D55AE50082EA26 /* GoogleService-Info.plist */,
				CFD6412929D2D05600DA4559 /* HongTalkforSwift */,
				CFD6412829D2D05600DA4559 /* Products */,
				847629FABFD8BB3A9754D41A /* Pods */,
				15E059D4EA12F69A8537BEEB /* Frameworks */,
			);
			sourceTree = "<group>";
		};
		CFD6412829D2D05600DA4559 /* Products */ = {
			isa = PBXGroup;
			children = (
				CFD6412729D2D05600DA4559 /* HongTalkforSwift.app */,
			);
			name = Products;
			sourceTree = "<group>";
		};
		CFD6412929D2D05600DA4559 /* HongTalkforSwift */ = {
			isa = PBXGroup;
			children = (
				CF52992B29D55D3C00EC95AF /* HongTalkforSwift.entitlements */,
				CF64882D29D542AE0082EA26 /* TabBar */,
				CF0D997529D3FCC300AD7498 /* Model */,
				CF29C56629D2D7BE003D39C3 /* Extension */,
				CFD6412A29D2D05600DA4559 /* AppDelegate.swift */,
				CFD6412C29D2D05600DA4559 /* SceneDelegate.swift */,
				CFD6412E29D2D05600DA4559 /* ViewController.swift */,
				CFD6413029D2D05600DA4559 /* Main.storyboard */,
				CFD6413329D2D05700DA4559 /* Assets.xcassets */,
				CFD6413529D2D05700DA4559 /* LaunchScreen.storyboard */,
				CFD6413829D2D05700DA4559 /* Info.plist */,
				CFE7D06129D2E2C60041F348 /* LoginViewController.swift */,
				CFDC7DF629D3B1C1000EFFB2 /* SignupViewController.swift */,
				CF0D997329D3FC2500AD7498 /* ChatViewController.swift */,
				CFF8AFB529D679D000A73813 /* API_Key.swift */,
				CF09830A29D6C6B000B965F6 /* BEMCheckBox.h */,
			);
			path = HongTalkforSwift;
			sourceTree = "<group>";
		};
/* End PBXGroup section */

/* Begin PBXNativeTarget section */
		CFD6412629D2D05600DA4559 /* HongTalkforSwift */ = {
			isa = PBXNativeTarget;
			buildConfigurationList = CFD6413B29D2D05700DA4559 /* Build configuration list for PBXNativeTarget "HongTalkforSwift" */;
			buildPhases = (
				DD1F6FA644AC33619F2AECCC /* [CP] Check Pods Manifest.lock */,
				CFD6412329D2D05600DA4559 /* Sources */,
				CFD6412429D2D05600DA4559 /* Frameworks */,
				CFD6412529D2D05600DA4559 /* Resources */,
				55ABF67BD5647B2535789EF2 /* [CP] Embed Pods Frameworks */,
			);
			buildRules = (
			);
			dependencies = (
			);
			name = HongTalkforSwift;
			productName = HongTalkforSwift;
			productReference = CFD6412729D2D05600DA4559 /* HongTalkforSwift.app */;
			productType = "com.apple.product-type.application";
		};
/* End PBXNativeTarget section */

/* Begin PBXProject section */
		CFD6411F29D2D05600DA4559 /* Project object */ = {
			isa = PBXProject;
			attributes = {
				BuildIndependentTargetsInParallel = 1;
				LastSwiftUpdateCheck = 1420;
				LastUpgradeCheck = 1420;
				TargetAttributes = {
					CFD6412629D2D05600DA4559 = {
						CreatedOnToolsVersion = 14.2;
					};
				};
			};
			buildConfigurationList = CFD6412229D2D05600DA4559 /* Build configuration list for PBXProject "HongTalkforSwift" */;
			compatibilityVersion = "Xcode 14.0";
			developmentRegion = en;
			hasScannedForEncodings = 0;
			knownRegions = (
				en,
				Base,
			);
			mainGroup = CFD6411E29D2D05600DA4559;
			productRefGroup = CFD6412829D2D05600DA4559 /* Products */;
			projectDirPath = "";
			projectRoot = "";
			targets = (
				CFD6412629D2D05600DA4559 /* HongTalkforSwift */,
			);
		};
/* End PBXProject section */

/* Begin PBXResourcesBuildPhase section */
		CFD6412529D2D05600DA4559 /* Resources */ = {
			isa = PBXResourcesBuildPhase;
			buildActionMask = 2147483647;
			files = (
				CFD6413729D2D05700DA4559 /* LaunchScreen.storyboard in Resources */,
				CF29C56A29D2D983003D39C3 /* RemoteConfigDefaults.plist in Resources */,
				CF64883329D55AE50082EA26 /* GoogleService-Info.plist in Resources */,
				CFD6413429D2D05700DA4559 /* Assets.xcassets in Resources */,
				CFD6413229D2D05600DA4559 /* Main.storyboard in Resources */,
			);
			runOnlyForDeploymentPostprocessing = 0;
		};
/* End PBXResourcesBuildPhase section */

/* Begin PBXShellScriptBuildPhase section */
		55ABF67BD5647B2535789EF2 /* [CP] Embed Pods Frameworks */ = {
			isa = PBXShellScriptBuildPhase;
			buildActionMask = 2147483647;
			files = (
			);
			inputFileListPaths = (
				"${PODS_ROOT}/Target Support Files/Pods-HongTalkforSwift/Pods-HongTalkforSwift-frameworks-${CONFIGURATION}-input-files.xcfilelist",
			);
			name = "[CP] Embed Pods Frameworks";
			outputFileListPaths = (
				"${PODS_ROOT}/Target Support Files/Pods-HongTalkforSwift/Pods-HongTalkforSwift-frameworks-${CONFIGURATION}-output-files.xcfilelist",
			);
			runOnlyForDeploymentPostprocessing = 0;
			shellPath = /bin/sh;
			shellScript = "\"${PODS_ROOT}/Target Support Files/Pods-HongTalkforSwift/Pods-HongTalkforSwift-frameworks.sh\"\n";
			showEnvVarsInLog = 0;
		};
		DD1F6FA644AC33619F2AECCC /* [CP] Check Pods Manifest.lock */ = {
			isa = PBXShellScriptBuildPhase;
			buildActionMask = 2147483647;
			files = (
			);
			inputFileListPaths = (
			);
			inputPaths = (
				"${PODS_PODFILE_DIR_PATH}/Podfile.lock",
				"${PODS_ROOT}/Manifest.lock",
			);
			name = "[CP] Check Pods Manifest.lock";
			outputFileListPaths = (
			);
			outputPaths = (
				"$(DERIVED_FILE_DIR)/Pods-HongTalkforSwift-checkManifestLockResult.txt",
			);
			runOnlyForDeploymentPostprocessing = 0;
			shellPath = /bin/sh;
			shellScript = "diff \"${PODS_PODFILE_DIR_PATH}/Podfile.lock\" \"${PODS_ROOT}/Manifest.lock\" > /dev/null\nif [ $? != 0 ] ; then\n    # print error to STDERR\n    echo \"error: The sandbox is not in sync with the Podfile.lock. Run 'pod install' or update your CocoaPods installation.\" >&2\n    exit 1\nfi\n# This output is used by Xcode 'outputs' to avoid re-running this script phase.\necho \"SUCCESS\" > \"${SCRIPT_OUTPUT_FILE_0}\"\n";
			showEnvVarsInLog = 0;
		};
/* End PBXShellScriptBuildPhase section */

/* Begin PBXSourcesBuildPhase section */
		CFD6412329D2D05600DA4559 /* Sources */ = {
			isa = PBXSourcesBuildPhase;
			buildActionMask = 2147483647;
			files = (
				CF0D997029D3D48A00AD7498 /* PeopleViewController.swift in Sources */,
				CFDC7DF729D3B1C1000EFFB2 /* SignupViewController.swift in Sources */,
				CF64882F29D542CB0082EA26 /* ChatRoomsViewController.swift in Sources */,
				CF0D997229D3DB0B00AD7498 /* UserModel.swift in Sources */,
				CF09830C29D6C8A800B965F6 /* SelectFriendViewController.swift in Sources */,
				CFD6412F29D2D05600DA4559 /* ViewController.swift in Sources */,
				CF29C56829D2D7CB003D39C3 /* UIColor+.swift in Sources */,
				CFF8AFB629D679D000A73813 /* API_Key.swift in Sources */,
				CF0D997729D3FCDB00AD7498 /* ChatModel.swift in Sources */,
				CFD6412B29D2D05600DA4559 /* AppDelegate.swift in Sources */,
				CFE7D06229D2E2C60041F348 /* LoginViewController.swift in Sources */,
				CF5AD48729D56B0C00B04C31 /* NotificationModel.swift in Sources */,
				CF80EFB029D67F25007984EE /* AccountViewController.swift in Sources */,
				CF0D997429D3FC2500AD7498 /* ChatViewController.swift in Sources */,
				CFD6412D29D2D05600DA4559 /* SceneDelegate.swift in Sources */,
				CF64883129D54DB20082EA26 /* Int+.swift in Sources */,
			);
			runOnlyForDeploymentPostprocessing = 0;
		};
/* End PBXSourcesBuildPhase section */

/* Begin PBXVariantGroup section */
		CFD6413029D2D05600DA4559 /* Main.storyboard */ = {
			isa = PBXVariantGroup;
			children = (
				CFD6413129D2D05600DA4559 /* Base */,
			);
			name = Main.storyboard;
			sourceTree = "<group>";
		};
		CFD6413529D2D05700DA4559 /* LaunchScreen.storyboard */ = {
			isa = PBXVariantGroup;
			children = (
				CFD6413629D2D05700DA4559 /* Base */,
			);
			name = LaunchScreen.storyboard;
			sourceTree = "<group>";
		};
/* End PBXVariantGroup section */

/* Begin XCBuildConfiguration section */
		CFD6413929D2D05700DA4559 /* Debug */ = {
			isa = XCBuildConfiguration;
			buildSettings = {
				ALWAYS_SEARCH_USER_PATHS = NO;
				CLANG_ANALYZER_NONNULL = YES;
				CLANG_ANALYZER_NUMBER_OBJECT_CONVERSION = YES_AGGRESSIVE;
				CLANG_CXX_LANGUAGE_STANDARD = "gnu++20";
				CLANG_ENABLE_MODULES = YES;
				CLANG_ENABLE_OBJC_ARC = YES;
				CLANG_ENABLE_OBJC_WEAK = YES;
				CLANG_WARN_BLOCK_CAPTURE_AUTORELEASING = YES;
				CLANG_WARN_BOOL_CONVERSION = YES;
				CLANG_WARN_COMMA = YES;
				CLANG_WARN_CONSTANT_CONVERSION = YES;
				CLANG_WARN_DEPRECATED_OBJC_IMPLEMENTATIONS = YES;
				CLANG_WARN_DIRECT_OBJC_ISA_USAGE = YES_ERROR;
				CLANG_WARN_DOCUMENTATION_COMMENTS = YES;
				CLANG_WARN_EMPTY_BODY = YES;
				CLANG_WARN_ENUM_CONVERSION = YES;
				CLANG_WARN_INFINITE_RECURSION = YES;
				CLANG_WARN_INT_CONVERSION = YES;
				CLANG_WARN_NON_LITERAL_NULL_CONVERSION = YES;
				CLANG_WARN_OBJC_IMPLICIT_RETAIN_SELF = YES;
				CLANG_WARN_OBJC_LITERAL_CONVERSION = YES;
				CLANG_WARN_OBJC_ROOT_CLASS = YES_ERROR;
				CLANG_WARN_QUOTED_INCLUDE_IN_FRAMEWORK_HEADER = YES;
				CLANG_WARN_RANGE_LOOP_ANALYSIS = YES;
				CLANG_WARN_STRICT_PROTOTYPES = YES;
				CLANG_WARN_SUSPICIOUS_MOVE = YES;
				CLANG_WARN_UNGUARDED_AVAILABILITY = YES_AGGRESSIVE;
				CLANG_WARN_UNREACHABLE_CODE = YES;
				CLANG_WARN__DUPLICATE_METHOD_MATCH = YES;
				COPY_PHASE_STRIP = NO;
				DEBUG_INFORMATION_FORMAT = dwarf;
				ENABLE_STRICT_OBJC_MSGSEND = YES;
				ENABLE_TESTABILITY = YES;
				GCC_C_LANGUAGE_STANDARD = gnu11;
				GCC_DYNAMIC_NO_PIC = NO;
				GCC_NO_COMMON_BLOCKS = YES;
				GCC_OPTIMIZATION_LEVEL = 0;
				GCC_PREPROCESSOR_DEFINITIONS = (
					"DEBUG=1",
					"$(inherited)",
				);
				GCC_WARN_64_TO_32_BIT_CONVERSION = YES;
				GCC_WARN_ABOUT_RETURN_TYPE = YES_ERROR;
				GCC_WARN_UNDECLARED_SELECTOR = YES;
				GCC_WARN_UNINITIALIZED_AUTOS = YES_AGGRESSIVE;
				GCC_WARN_UNUSED_FUNCTION = YES;
				GCC_WARN_UNUSED_VARIABLE = YES;
				IPHONEOS_DEPLOYMENT_TARGET = 16.2;
				MTL_ENABLE_DEBUG_INFO = INCLUDE_SOURCE;
				MTL_FAST_MATH = YES;
				ONLY_ACTIVE_ARCH = YES;
				SDKROOT = iphoneos;
				SWIFT_ACTIVE_COMPILATION_CONDITIONS = DEBUG;
				SWIFT_OPTIMIZATION_LEVEL = "-Onone";
			};
			name = Debug;
		};
		CFD6413A29D2D05700DA4559 /* Release */ = {
			isa = XCBuildConfiguration;
			buildSettings = {
				ALWAYS_SEARCH_USER_PATHS = NO;
				CLANG_ANALYZER_NONNULL = YES;
				CLANG_ANALYZER_NUMBER_OBJECT_CONVERSION = YES_AGGRESSIVE;
				CLANG_CXX_LANGUAGE_STANDARD = "gnu++20";
				CLANG_ENABLE_MODULES = YES;
				CLANG_ENABLE_OBJC_ARC = YES;
				CLANG_ENABLE_OBJC_WEAK = YES;
				CLANG_WARN_BLOCK_CAPTURE_AUTORELEASING = YES;
				CLANG_WARN_BOOL_CONVERSION = YES;
				CLANG_WARN_COMMA = YES;
				CLANG_WARN_CONSTANT_CONVERSION = YES;
				CLANG_WARN_DEPRECATED_OBJC_IMPLEMENTATIONS = YES;
				CLANG_WARN_DIRECT_OBJC_ISA_USAGE = YES_ERROR;
				CLANG_WARN_DOCUMENTATION_COMMENTS = YES;
				CLANG_WARN_EMPTY_BODY = YES;
				CLANG_WARN_ENUM_CONVERSION = YES;
				CLANG_WARN_INFINITE_RECURSION = YES;
				CLANG_WARN_INT_CONVERSION = YES;
				CLANG_WARN_NON_LITERAL_NULL_CONVERSION = YES;
				CLANG_WARN_OBJC_IMPLICIT_RETAIN_SELF = YES;
				CLANG_WARN_OBJC_LITERAL_CONVERSION = YES;
				CLANG_WARN_OBJC_ROOT_CLASS = YES_ERROR;
				CLANG_WARN_QUOTED_INCLUDE_IN_FRAMEWORK_HEADER = YES;
				CLANG_WARN_RANGE_LOOP_ANALYSIS = YES;
				CLANG_WARN_STRICT_PROTOTYPES = YES;
				CLANG_WARN_SUSPICIOUS_MOVE = YES;
				CLANG_WARN_UNGUARDED_AVAILABILITY = YES_AGGRESSIVE;
				CLANG_WARN_UNREACHABLE_CODE = YES;
				CLANG_WARN__DUPLICATE_METHOD_MATCH = YES;
				COPY_PHASE_STRIP = NO;
				DEBUG_INFORMATION_FORMAT = "dwarf-with-dsym";
				ENABLE_NS_ASSERTIONS = NO;
				ENABLE_STRICT_OBJC_MSGSEND = YES;
				GCC_C_LANGUAGE_STANDARD = gnu11;
				GCC_NO_COMMON_BLOCKS = YES;
				GCC_WARN_64_TO_32_BIT_CONVERSION = YES;
				GCC_WARN_ABOUT_RETURN_TYPE = YES_ERROR;
				GCC_WARN_UNDECLARED_SELECTOR = YES;
				GCC_WARN_UNINITIALIZED_AUTOS = YES_AGGRESSIVE;
				GCC_WARN_UNUSED_FUNCTION = YES;
				GCC_WARN_UNUSED_VARIABLE = YES;
				IPHONEOS_DEPLOYMENT_TARGET = 16.2;
				MTL_ENABLE_DEBUG_INFO = NO;
				MTL_FAST_MATH = YES;
				SDKROOT = iphoneos;
				SWIFT_COMPILATION_MODE = wholemodule;
				SWIFT_OPTIMIZATION_LEVEL = "-O";
				VALIDATE_PRODUCT = YES;
			};
			name = Release;
		};
		CFD6413C29D2D05700DA4559 /* Debug */ = {
			isa = XCBuildConfiguration;
			baseConfigurationReference = 00172DEDB82FF1BDC1ED68AF /* Pods-HongTalkforSwift.debug.xcconfig */;
			buildSettings = {
				ASSETCATALOG_COMPILER_APPICON_NAME = AppIcon;
				ASSETCATALOG_COMPILER_GLOBAL_ACCENT_COLOR_NAME = AccentColor;
				CODE_SIGN_ENTITLEMENTS = HongTalkforSwift/HongTalkforSwift.entitlements;
				CODE_SIGN_IDENTITY = "Apple Development";
				CODE_SIGN_STYLE = Automatic;
				CURRENT_PROJECT_VERSION = 1;
				DEVELOPMENT_TEAM = UY9DAXUW36;
				GENERATE_INFOPLIST_FILE = YES;
				INFOPLIST_FILE = HongTalkforSwift/Info.plist;
				INFOPLIST_KEY_NSPhotoLibraryUsageDescription = "";
				INFOPLIST_KEY_UIApplicationSupportsIndirectInputEvents = YES;
				INFOPLIST_KEY_UILaunchStoryboardName = LaunchScreen;
				INFOPLIST_KEY_UIMainStoryboardFile = Main;
				INFOPLIST_KEY_UISupportedInterfaceOrientations_iPad = "UIInterfaceOrientationPortrait UIInterfaceOrientationPortraitUpsideDown UIInterfaceOrientationLandscapeLeft UIInterfaceOrientationLandscapeRight";
				INFOPLIST_KEY_UISupportedInterfaceOrientations_iPhone = "UIInterfaceOrientationPortrait UIInterfaceOrientationLandscapeLeft UIInterfaceOrientationLandscapeRight";
				IPHONEOS_DEPLOYMENT_TARGET = 15.0;
				LD_RUNPATH_SEARCH_PATHS = (
					"$(inherited)",
					"@executable_path/Frameworks",
				);
				MARKETING_VERSION = 1.0;
				PRODUCT_BUNDLE_IDENTIFIER = edu.jeongmin.HongTalkforSwift;
				PRODUCT_NAME = "$(TARGET_NAME)";
				PROVISIONING_PROFILE_SPECIFIER = "";
				SWIFT_EMIT_LOC_STRINGS = YES;
				SWIFT_OBJC_BRIDGING_HEADER = HongTalkforSwift/BEMCheckBox.h;
				SWIFT_VERSION = 5.0;
				TARGETED_DEVICE_FAMILY = "1,2";
			};
			name = Debug;
		};
		CFD6413D29D2D05700DA4559 /* Release */ = {
			isa = XCBuildConfiguration;
			baseConfigurationReference = 73E7636C7B2EFFE8795278A0 /* Pods-HongTalkforSwift.release.xcconfig */;
			buildSettings = {
				ASSETCATALOG_COMPILER_APPICON_NAME = AppIcon;
				ASSETCATALOG_COMPILER_GLOBAL_ACCENT_COLOR_NAME = AccentColor;
				CODE_SIGN_ENTITLEMENTS = HongTalkforSwift/HongTalkforSwift.entitlements;
				CODE_SIGN_IDENTITY = "Apple Development";
				CODE_SIGN_STYLE = Automatic;
				CURRENT_PROJECT_VERSION = 1;
				DEVELOPMENT_TEAM = UY9DAXUW36;
				GENERATE_INFOPLIST_FILE = YES;
				INFOPLIST_FILE = HongTalkforSwift/Info.plist;
				INFOPLIST_KEY_NSPhotoLibraryUsageDescription = "";
				INFOPLIST_KEY_UIApplicationSupportsIndirectInputEvents = YES;
				INFOPLIST_KEY_UILaunchStoryboardName = LaunchScreen;
				INFOPLIST_KEY_UIMainStoryboardFile = Main;
				INFOPLIST_KEY_UISupportedInterfaceOrientations_iPad = "UIInterfaceOrientationPortrait UIInterfaceOrientationPortraitUpsideDown UIInterfaceOrientationLandscapeLeft UIInterfaceOrientationLandscapeRight";
				INFOPLIST_KEY_UISupportedInterfaceOrientations_iPhone = "UIInterfaceOrientationPortrait UIInterfaceOrientationLandscapeLeft UIInterfaceOrientationLandscapeRight";
				IPHONEOS_DEPLOYMENT_TARGET = 15.0;
				LD_RUNPATH_SEARCH_PATHS = (
					"$(inherited)",
					"@executable_path/Frameworks",
				);
				MARKETING_VERSION = 1.0;
				PRODUCT_BUNDLE_IDENTIFIER = edu.jeongmin.HongTalkforSwift;
				PRODUCT_NAME = "$(TARGET_NAME)";
				PROVISIONING_PROFILE_SPECIFIER = "";
				SWIFT_EMIT_LOC_STRINGS = YES;
				SWIFT_OBJC_BRIDGING_HEADER = HongTalkforSwift/BEMCheckBox.h;
				SWIFT_VERSION = 5.0;
				TARGETED_DEVICE_FAMILY = "1,2";
			};
			name = Release;
		};
/* End XCBuildConfiguration section */

/* Begin XCConfigurationList section */
		CFD6412229D2D05600DA4559 /* Build configuration list for PBXProject "HongTalkforSwift" */ = {
			isa = XCConfigurationList;
			buildConfigurations = (
				CFD6413929D2D05700DA4559 /* Debug */,
				CFD6413A29D2D05700DA4559 /* Release */,
			);
			defaultConfigurationIsVisible = 0;
			defaultConfigurationName = Release;
		};
		CFD6413B29D2D05700DA4559 /* Build configuration list for PBXNativeTarget "HongTalkforSwift" */ = {
			isa = XCConfigurationList;
			buildConfigurations = (
				CFD6413C29D2D05700DA4559 /* Debug */,
				CFD6413D29D2D05700DA4559 /* Release */,
			);
			defaultConfigurationIsVisible = 0;
			defaultConfigurationName = Release;
		};
/* End XCConfigurationList section */
	};
	rootObject = CFD6411F29D2D05600DA4559 /* Project object */;
}
